
Microsoft Visual Studio Solution File, Format Version 12.00
# Visual Studio 2013
VisualStudioVersion = 12.0.31101.0
MinimumVisualStudioVersion = 10.0.40219.1
Project("{FAE04EC0-301F-11D3-BF4B-00C04F79EFBC}") = "TrocaBolas.DependencyInjection", "src\TrocaBolas.DependencyInjection\TrocaBolas.DependencyInjection.csproj", "{061B14D8-DB2E-42FD-9FD0-8ADF88CEFA66}"
EndProject
Project("{FAE04EC0-301F-11D3-BF4B-00C04F79EFBC}") = "TrocaBolas.Domain", "src\TrocaBolas.Domain\TrocaBolas.Domain.csproj", "{965AFE1B-B66A-46EC-9C41-FFDAB899057D}"
EndProject
Project("{FAE04EC0-301F-11D3-BF4B-00C04F79EFBC}") = "TrocaBolas.Infrastructure", "src\TrocaBolas.Infrastructure\TrocaBolas.Infrastructure.csproj", "{969885E1-1A24-44E1-914F-78C17DF9C46C}"
EndProject
Project("{FAE04EC0-301F-11D3-BF4B-00C04F79EFBC}") = "TrocaBolas.Web", "src\TrocaBolas.Web\TrocaBolas.Web.csproj", "{807F4C0F-9C0A-4382-96F5-407157F6F3B0}"
EndProject
Project("{2150E333-8FDC-42A3-9474-1A3956D46DE8}") = "Solution Items", "Solution Items", "{D4701425-12B2-4677-A42A-F1AA0E23A8F6}"
	ProjectSection(SolutionItems) = preProject
		LICENSE = LICENSE
		README.md = README.md
		Settings.StyleCop = Settings.StyleCop
	EndProjectSection
EndProject
Global
	GlobalSection(SolutionConfigurationPlatforms) = preSolution
		Debug|Any CPU = Debug|Any CPU
		Release|Any CPU = Release|Any CPU
	EndGlobalSection
	GlobalSection(ProjectConfigurationPlatforms) = postSolution
		{061B14D8-DB2E-42FD-9FD0-8ADF88CEFA66}.Debug|Any CPU.ActiveCfg = Debug|Any CPU
		{061B14D8-DB2E-42FD-9FD0-8ADF88CEFA66}.Debug|Any CPU.Build.0 = Debug|Any CPU
		{061B14D8-DB2E-42FD-9FD0-8ADF88CEFA66}.Release|Any CPU.ActiveCfg = Release|Any CPU
		{061B14D8-DB2E-42FD-9FD0-8ADF88CEFA66}.Release|Any CPU.Build.0 = Release|Any CPU
		{965AFE1B-B66A-46EC-9C41-FFDAB899057D}.Debug|Any CPU.ActiveCfg = Debug|Any CPU
		{965AFE1B-B66A-46EC-9C41-FFDAB899057D}.Debug|Any CPU.Build.0 = Debug|Any CPU
		{965AFE1B-B66A-46EC-9C41-FFDAB899057D}.Release|Any CPU.ActiveCfg = Release|Any CPU
		{965AFE1B-B66A-46EC-9C41-FFDAB899057D}.Release|Any CPU.Build.0 = Release|Any CPU
		{969885E1-1A24-44E1-914F-78C17DF9C46C}.Debug|Any CPU.ActiveCfg = Debug|Any CPU
		{969885E1-1A24-44E1-914F-78C17DF9C46C}.Debug|Any CPU.Build.0 = Debug|Any CPU
		{969885E1-1A24-44E1-914F-78C17DF9C46C}.Release|Any CPU.ActiveCfg = Release|Any CPU
		{969885E1-1A24-44E1-914F-78C17DF9C46C}.Release|Any CPU.Build.0 = Release|Any CPU
		{807F4C0F-9C0A-4382-96F5-407157F6F3B0}.Debug|Any CPU.ActiveCfg = Debug|Any CPU
		{807F4C0F-9C0A-4382-96F5-407157F6F3B0}.Debug|Any CPU.Build.0 = Debug|Any CPU
		{807F4C0F-9C0A-4382-96F5-407157F6F3B0}.Release|Any CPU.ActiveCfg = Release|Any CPU
		{807F4C0F-9C0A-4382-96F5-407157F6F3B0}.Release|Any CPU.Build.0 = Release|Any CPU
	EndGlobalSection
	GlobalSection(SolutionProperties) = preSolution
		HideSolutionNode = FALSE
	EndGlobalSection
EndGlobal
